
Microsoft Visual Studio Solution File, Format Version 12.00
# Visual Studio Version 17
VisualStudioVersion = 17.0.32014.148
MinimumVisualStudioVersion = 10.0.40219.1
Project("{FAE04EC0-301F-11D3-BF4B-00C04F79EFBC}") = "File-Encryptor", "File-Encryptor\File-Encryptor.csproj", "{B3281F48-314A-4EE8-9F7A-DD5AD78579F5}"
EndProject
Global
	GlobalSection(SolutionConfigurationPlatforms) = preSolution
		Debug|Any CPU = Debug|Any CPU
		Release|Any CPU = Release|Any CPU
	EndGlobalSection
	GlobalSection(ProjectConfigurationPlatforms) = postSolution
		{B3281F48-314A-4EE8-9F7A-DD5AD78579F5}.Debug|Any CPU.ActiveCfg = Debug|Any CPU
		{B3281F48-314A-4EE8-9F7A-DD5AD78579F5}.Debug|Any CPU.Build.0 = Debug|Any CPU
		{B3281F48-314A-4EE8-9F7A-DD5AD78579F5}.Release|Any CPU.ActiveCfg = Release|Any CPU
		{B3281F48-314A-4EE8-9F7A-DD5AD78579F5}.Release|Any CPU.Build.0 = Release|Any CPU
	EndGlobalSection
	GlobalSection(SolutionProperties) = preSolution
		HideSolutionNode = FALSE
	EndGlobalSection
	GlobalSection(ExtensibilityGlobals) = postSolution
		SolutionGuid = {D008DA66-F700-46BD-ADBD-C77D5C912F88}
	EndGlobalSection
EndGlobal
